{
  "name": "script-openexr",
  "version": "1.0.0",
  "lockfileVersion": 2,
  "requires": true,
  "packages": {
    "": {
      "name": "script-openexr",
      "version": "1.0.0",
      "license": "MIT",
      "devDependencies": {
        "types-for-adobe": "^7.0.4"
      }
    },
    "node_modules/types-for-adobe": {
      "version": "7.0.4",
      "resolved": "https://registry.npmjs.org/types-for-adobe/-/types-for-adobe-7.0.4.tgz",
      "integrity": "sha512-aZydf1TfQmX7LCswg6R0bIWgTJAbV2mo51ISOCZF0cgMU13L720rD3/RWv23NUEDatiqfd9g24UUU8xozMGmAA=="
    }
  },
  "dependencies": {
    "types-for-adobe": {
      "version": "7.0.4",
      "resolved": "https://registry.npmjs.org/types-for-adobe/-/types-for-adobe-7.0.4.tgz",
      "integrity": "sha512-aZydf1TfQmX7LCswg6R0bIWgTJAbV2mo51ISOCZF0cgMU13L720rD3/RWv23NUEDatiqfd9g24UUU8xozMGmAA=="
    }
  }
}
